
Microsoft Visual Studio Solution File, Format Version 12.00
# Visual Studio Version 16
VisualStudioVersion = 16.0.33529.622
MinimumVisualStudioVersion = 10.0.40219.1
Project("{FAE04EC0-301F-11D3-BF4B-00C04F79EFBC}") = "Visszaszámláló_óra", "Visszaszámláló_óra\Visszaszámláló_óra.csproj", "{3FC88FDA-E763-4BA6-82F2-FD83D6E7DD05}"
EndProject
Global
	GlobalSection(SolutionConfigurationPlatforms) = preSolution
		Debug|Any CPU = Debug|Any CPU
		Release|Any CPU = Release|Any CPU
	EndGlobalSection
	GlobalSection(ProjectConfigurationPlatforms) = postSolution
		{3FC88FDA-E763-4BA6-82F2-FD83D6E7DD05}.Debug|Any CPU.ActiveCfg = Debug|Any CPU
		{3FC88FDA-E763-4BA6-82F2-FD83D6E7DD05}.Debug|Any CPU.Build.0 = Debug|Any CPU
		{3FC88FDA-E763-4BA6-82F2-FD83D6E7DD05}.Release|Any CPU.ActiveCfg = Release|Any CPU
		{3FC88FDA-E763-4BA6-82F2-FD83D6E7DD05}.Release|Any CPU.Build.0 = Release|Any CPU
	EndGlobalSection
	GlobalSection(SolutionProperties) = preSolution
		HideSolutionNode = FALSE
	EndGlobalSection
	GlobalSection(ExtensibilityGlobals) = postSolution
		SolutionGuid = {AE7B6003-40F5-463D-8C48-86CD1D47ACD2}
	EndGlobalSection
EndGlobal
